
Microsoft Visual Studio Solution File, Format Version 12.00
# Visual Studio Version 17
VisualStudioVersion = 17.7.34003.232
MinimumVisualStudioVersion = 10.0.40219.1
Project("{9A19103F-16F7-4668-BE54-9A1E7A4F7556}") = "colmado1", "colmado1.csproj", "{32C52F5F-27BD-472A-8796-225B23620026}"
EndProject
Project("{2150E333-8FDC-42A3-9474-1A3956D46DE8}") = "Elementos de la solución", "Elementos de la solución", "{1E724F71-6F7E-4EF4-BE5A-C3183355D71F}"
	ProjectSection(SolutionItems) = preProject
		Class2.cs = Class2.cs
	EndProjectSection
EndProject
Global
	GlobalSection(SolutionConfigurationPlatforms) = preSolution
		Debug|Any CPU = Debug|Any CPU
		Release|Any CPU = Release|Any CPU
	EndGlobalSection
	GlobalSection(ProjectConfigurationPlatforms) = postSolution
		{32C52F5F-27BD-472A-8796-225B23620026}.Debug|Any CPU.ActiveCfg = Debug|Any CPU
		{32C52F5F-27BD-472A-8796-225B23620026}.Debug|Any CPU.Build.0 = Debug|Any CPU
		{32C52F5F-27BD-472A-8796-225B23620026}.Release|Any CPU.ActiveCfg = Release|Any CPU
		{32C52F5F-27BD-472A-8796-225B23620026}.Release|Any CPU.Build.0 = Release|Any CPU
	EndGlobalSection
	GlobalSection(SolutionProperties) = preSolution
		HideSolutionNode = FALSE
	EndGlobalSection
	GlobalSection(ExtensibilityGlobals) = postSolution
		SolutionGuid = {A0371B2F-212E-44BE-8FF5-AB26299C4ECC}
	EndGlobalSection
EndGlobal
